
Microsoft Visual Studio Solution File, Format Version 12.00
# Visual Studio Version 17
VisualStudioVersion = 17.8.34322.80
MinimumVisualStudioVersion = 10.0.40219.1
Project("{2150E333-8FDC-42A3-9474-1A3956D46DE8}") = "src", "src", "{F1EA8B50-D4A1-4D34-BD4B-4BDB8CA1CE42}"
EndProject
Project("{FAE04EC0-301F-11D3-BF4B-00C04F79EFBC}") = "Web.API", "src\Web.API\Web.API.csproj", "{E364A435-CA9E-4F62-897B-BA2CAA280AA6}"
EndProject
Global
	GlobalSection(SolutionConfigurationPlatforms) = preSolution
		Debug|Any CPU = Debug|Any CPU
		Release|Any CPU = Release|Any CPU
	EndGlobalSection
	GlobalSection(ProjectConfigurationPlatforms) = postSolution
		{E364A435-CA9E-4F62-897B-BA2CAA280AA6}.Debug|Any CPU.ActiveCfg = Debug|Any CPU
		{E364A435-CA9E-4F62-897B-BA2CAA280AA6}.Debug|Any CPU.Build.0 = Debug|Any CPU
		{E364A435-CA9E-4F62-897B-BA2CAA280AA6}.Release|Any CPU.ActiveCfg = Release|Any CPU
		{E364A435-CA9E-4F62-897B-BA2CAA280AA6}.Release|Any CPU.Build.0 = Release|Any CPU
	EndGlobalSection
	GlobalSection(SolutionProperties) = preSolution
		HideSolutionNode = FALSE
	EndGlobalSection
	GlobalSection(NestedProjects) = preSolution
		{E364A435-CA9E-4F62-897B-BA2CAA280AA6} = {F1EA8B50-D4A1-4D34-BD4B-4BDB8CA1CE42}
	EndGlobalSection
	GlobalSection(ExtensibilityGlobals) = postSolution
		SolutionGuid = {86B623C0-3F58-4629-868A-5DEEBDB9636C}
	EndGlobalSection
EndGlobal
